// !$*UTF8*$!
{
	archiveVersion = 1;
	classes = {
	};
	objectVersion = 46;
	objects = {

/* Begin PBXBuildFile section */
		DC05AE5F190B2D13000F4778 /* z03sz-373x500.jpg in Resources */ = {isa = PBXBuildFile; fileRef = DC05AE5C190B2D13000F4778 /* z03sz-373x500.jpg */; };
		DC05AE60190B2D13000F4778 /* Warren_Towers-598x398.jpg in Resources */ = {isa = PBXBuildFile; fileRef = DC05AE5D190B2D13000F4778 /* Warren_Towers-598x398.jpg */; };
		DC05AE61190B2D13000F4778 /* westcampus.jpg in Resources */ = {isa = PBXBuildFile; fileRef = DC05AE5E190B2D13000F4778 /* westcampus.jpg */; };
		DC0FD46C1909816400D409CC /* Foundation.framework in Frameworks */ = {isa = PBXBuildFile; fileRef = DC0FD46B1909816400D409CC /* Foundation.framework */; };
		DC0FD46E1909816400D409CC /* CoreGraphics.framework in Frameworks */ = {isa = PBXBuildFile; fileRef = DC0FD46D1909816400D409CC /* CoreGraphics.framework */; };
		DC0FD4701909816400D409CC /* UIKit.framework in Frameworks */ = {isa = PBXBuildFile; fileRef = DC0FD46F1909816400D409CC /* UIKit.framework */; };
		DC0FD4761909816400D409CC /* InfoPlist.strings in Resources */ = {isa = PBXBuildFile; fileRef = DC0FD4741909816400D409CC /* InfoPlist.strings */; };
		DC0FD4781909816400D409CC /* main.m in Sources */ = {isa = PBXBuildFile; fileRef = DC0FD4771909816400D409CC /* main.m */; };
		DC0FD47C1909816400D409CC /* AppDelegate.m in Sources */ = {isa = PBXBuildFile; fileRef = DC0FD47B1909816400D409CC /* AppDelegate.m */; };
		DC0FD47F1909816400D409CC /* Main.storyboard in Resources */ = {isa = PBXBuildFile; fileRef = DC0FD47D1909816400D409CC /* Main.storyboard */; };
		DC0FD4821909816400D409CC /* ViewController.m in Sources */ = {isa = PBXBuildFile; fileRef = DC0FD4811909816400D409CC /* ViewController.m */; };
		DC0FD4841909816400D409CC /* Images.xcassets in Resources */ = {isa = PBXBuildFile; fileRef = DC0FD4831909816400D409CC /* Images.xcassets */; };
		DC0FD48B1909816400D409CC /* XCTest.framework in Frameworks */ = {isa = PBXBuildFile; fileRef = DC0FD48A1909816400D409CC /* XCTest.framework */; };
		DC0FD48C1909816400D409CC /* Foundation.framework in Frameworks */ = {isa = PBXBuildFile; fileRef = DC0FD46B1909816400D409CC /* Foundation.framework */; };
		DC0FD48D1909816400D409CC /* UIKit.framework in Frameworks */ = {isa = PBXBuildFile; fileRef = DC0FD46F1909816400D409CC /* UIKit.framework */; };
		DC1D7134190B6E3E00045E66 /* DetailViewController.m in Sources */ = {isa = PBXBuildFile; fileRef = DC1D7131190B6E3E00045E66 /* DetailViewController.m */; };
		DC1D7138190B773000045E66 /* itemNameCellTableViewCell.m in Sources */ = {isa = PBXBuildFile; fileRef = DC1D7137190B773000045E66 /* itemNameCellTableViewCell.m */; };
		DC1D713B190B7B0E00045E66 /* categoryTitleTableViewCell.m in Sources */ = {isa = PBXBuildFile; fileRef = DC1D713A190B7B0E00045E66 /* categoryTitleTableViewCell.m */; };
		DC1D713E190B88E700045E66 /* NutritionViewController.m in Sources */ = {isa = PBXBuildFile; fileRef = DC1D713D190B88E700045E66 /* NutritionViewController.m */; };
		DC4A5CC6190B536B00244845 /* warren.png in Resources */ = {isa = PBXBuildFile; fileRef = DC4A5CC5190B536B00244845 /* warren.png */; };
		DC4A5CC8190B55CD00244845 /* bayState.png in Resources */ = {isa = PBXBuildFile; fileRef = DC4A5CC7190B55CD00244845 /* bayState.png */; };
		DC4A5CCC190B5AE800244845 /* west.png in Resources */ = {isa = PBXBuildFile; fileRef = DC4A5CCB190B5AE800244845 /* west.png */; };
		DC4A5CCE190B5B8B00244845 /* west_inAction.jpg in Resources */ = {isa = PBXBuildFile; fileRef = DC4A5CCD190B5B8B00244845 /* west_inAction.jpg */; };
		DC4A5CD0190B5C2E00244845 /* warren_inAction.jpg in Resources */ = {isa = PBXBuildFile; fileRef = DC4A5CCF190B5C2E00244845 /* warren_inAction.jpg */; };
		DC4A5CD2190B5D0100244845 /* baystate_inAction.jpg in Resources */ = {isa = PBXBuildFile; fileRef = DC4A5CD1190B5D0100244845 /* baystate_inAction.jpg */; };
		DC4A5CD4190B601F00244845 /* vegan.png in Resources */ = {isa = PBXBuildFile; fileRef = DC4A5CD3190B601F00244845 /* vegan.png */; };
		DC4A5CD6190B606500244845 /* sargent.png in Resources */ = {isa = PBXBuildFile; fileRef = DC4A5CD5190B606500244845 /* sargent.png */; };
		DC4A5CD8190B60DC00244845 /* vegitarian.png in Resources */ = {isa = PBXBuildFile; fileRef = DC4A5CD7190B60DC00244845 /* vegitarian.png */; };
		DC4A5CDB190B647200244845 /* MainViewController.m in Sources */ = {isa = PBXBuildFile; fileRef = DC4A5CDA190B647200244845 /* MainViewController.m */; };
/* End PBXBuildFile section */

/* Begin PBXContainerItemProxy section */
		DC0FD48E1909816400D409CC /* PBXContainerItemProxy */ = {
			isa = PBXContainerItemProxy;
			containerPortal = DC0FD4601909816400D409CC /* Project object */;
			proxyType = 1;
			remoteGlobalIDString = DC0FD4671909816400D409CC;
			remoteInfo = BUDiningMobileMenu;
		};
/* End PBXContainerItemProxy section */

/* Begin PBXFileReference section */
		DC05AE5C190B2D13000F4778 /* z03sz-373x500.jpg */ = {isa = PBXFileReference; lastKnownFileType = image.jpeg; path = "z03sz-373x500.jpg"; sourceTree = "<group>"; };
		DC05AE5D190B2D13000F4778 /* Warren_Towers-598x398.jpg */ = {isa = PBXFileReference; lastKnownFileType = image.jpeg; path = "Warren_Towers-598x398.jpg"; sourceTree = "<group>"; };
		DC05AE5E190B2D13000F4778 /* westcampus.jpg */ = {isa = PBXFileReference; lastKnownFileType = image.jpeg; path = westcampus.jpg; sourceTree = "<group>"; };
		DC0FD4681909816400D409CC /* BUDiningMobileMenu.app */ = {isa = PBXFileReference; explicitFileType = wrapper.application; includeInIndex = 0; path = BUDiningMobileMenu.app; sourceTree = BUILT_PRODUCTS_DIR; };
		DC0FD46B1909816400D409CC /* Foundation.framework */ = {isa = PBXFileReference; lastKnownFileType = wrapper.framework; name = Foundation.framework; path = System/Library/Frameworks/Foundation.framework; sourceTree = SDKROOT; };
		DC0FD46D1909816400D409CC /* CoreGraphics.framework */ = {isa = PBXFileReference; lastKnownFileType = wrapper.framework; name = CoreGraphics.framework; path = System/Library/Frameworks/CoreGraphics.framework; sourceTree = SDKROOT; };
		DC0FD46F1909816400D409CC /* UIKit.framework */ = {isa = PBXFileReference; lastKnownFileType = wrapper.framework; name = UIKit.framework; path = System/Library/Frameworks/UIKit.framework; sourceTree = SDKROOT; };
		DC0FD4731909816400D409CC /* BUDiningMobileMenu-Info.plist */ = {isa = PBXFileReference; lastKnownFileType = text.plist.xml; path = "BUDiningMobileMenu-Info.plist"; sourceTree = "<group>"; };
		DC0FD4751909816400D409CC /* en */ = {isa = PBXFileReference; lastKnownFileType = text.plist.strings; name = en; path = en.lproj/InfoPlist.strings; sourceTree = "<group>"; };
		DC0FD4771909816400D409CC /* main.m */ = {isa = PBXFileReference; lastKnownFileType = sourcecode.c.objc; path = main.m; sourceTree = "<group>"; };
		DC0FD4791909816400D409CC /* BUDiningMobileMenu-Prefix.pch */ = {isa = PBXFileReference; lastKnownFileType = sourcecode.c.h; path = "BUDiningMobileMenu-Prefix.pch"; sourceTree = "<group>"; };
		DC0FD47A1909816400D409CC /* AppDelegate.h */ = {isa = PBXFileReference; lastKnownFileType = sourcecode.c.h; path = AppDelegate.h; sourceTree = "<group>"; };
		DC0FD47B1909816400D409CC /* AppDelegate.m */ = {isa = PBXFileReference; lastKnownFileType = sourcecode.c.objc; path = AppDelegate.m; sourceTree = "<group>"; };
		DC0FD47E1909816400D409CC /* Base */ = {isa = PBXFileReference; lastKnownFileType = file.storyboard; name = Base; path = Base.lproj/Main.storyboard; sourceTree = "<group>"; };
		DC0FD4801909816400D409CC /* ViewController.h */ = {isa = PBXFileReference; lastKnownFileType = sourcecode.c.h; path = ViewController.h; sourceTree = "<group>"; };
		DC0FD4811909816400D409CC /* ViewController.m */ = {isa = PBXFileReference; lastKnownFileType = sourcecode.c.objc; path = ViewController.m; sourceTree = "<group>"; };
		DC0FD4831909816400D409CC /* Images.xcassets */ = {isa = PBXFileReference; lastKnownFileType = folder.assetcatalog; path = Images.xcassets; sourceTree = "<group>"; };
		DC0FD4891909816400D409CC /* BUDiningMobileMenuTests.xctest */ = {isa = PBXFileReference; explicitFileType = wrapper.cfbundle; includeInIndex = 0; path = BUDiningMobileMenuTests.xctest; sourceTree = BUILT_PRODUCTS_DIR; };
		DC0FD48A1909816400D409CC /* XCTest.framework */ = {isa = PBXFileReference; lastKnownFileType = wrapper.framework; name = XCTest.framework; path = Library/Frameworks/XCTest.framework; sourceTree = DEVELOPER_DIR; };
		DC1D7130190B6E3E00045E66 /* DetailViewController.h */ = {isa = PBXFileReference; fileEncoding = 4; lastKnownFileType = sourcecode.c.h; path = DetailViewController.h; sourceTree = "<group>"; };
		DC1D7131190B6E3E00045E66 /* DetailViewController.m */ = {isa = PBXFileReference; fileEncoding = 4; lastKnownFileType = sourcecode.c.objc; path = DetailViewController.m; sourceTree = "<group>"; };
		DC1D7136190B773000045E66 /* itemNameCellTableViewCell.h */ = {isa = PBXFileReference; fileEncoding = 4; lastKnownFileType = sourcecode.c.h; path = itemNameCellTableViewCell.h; sourceTree = "<group>"; };
		DC1D7137190B773000045E66 /* itemNameCellTableViewCell.m */ = {isa = PBXFileReference; fileEncoding = 4; lastKnownFileType = sourcecode.c.objc; path = itemNameCellTableViewCell.m; sourceTree = "<group>"; };
		DC1D7139190B7B0E00045E66 /* categoryTitleTableViewCell.h */ = {isa = PBXFileReference; fileEncoding = 4; lastKnownFileType = sourcecode.c.h; path = categoryTitleTableViewCell.h; sourceTree = "<group>"; };
		DC1D713A190B7B0E00045E66 /* categoryTitleTableViewCell.m */ = {isa = PBXFileReference; fileEncoding = 4; lastKnownFileType = sourcecode.c.objc; path = categoryTitleTableViewCell.m; sourceTree = "<group>"; };
		DC1D713C190B88E700045E66 /* NutritionViewController.h */ = {isa = PBXFileReference; fileEncoding = 4; lastKnownFileType = sourcecode.c.h; path = NutritionViewController.h; sourceTree = "<group>"; };
		DC1D713D190B88E700045E66 /* NutritionViewController.m */ = {isa = PBXFileReference; fileEncoding = 4; lastKnownFileType = sourcecode.c.objc; path = NutritionViewController.m; sourceTree = "<group>"; };
		DC4A5CC5190B536B00244845 /* warren.png */ = {isa = PBXFileReference; lastKnownFileType = image.png; path = warren.png; sourceTree = "<group>"; };
		DC4A5CC7190B55CD00244845 /* bayState.png */ = {isa = PBXFileReference; lastKnownFileType = image.png; path = bayState.png; sourceTree = "<group>"; };
		DC4A5CCB190B5AE800244845 /* west.png */ = {isa = PBXFileReference; lastKnownFileType = image.png; path = west.png; sourceTree = "<group>"; };
		DC4A5CCD190B5B8B00244845 /* west_inAction.jpg */ = {isa = PBXFileReference; lastKnownFileType = image.jpeg; path = west_inAction.jpg; sourceTree = "<group>"; };
		DC4A5CCF190B5C2E00244845 /* warren_inAction.jpg */ = {isa = PBXFileReference; lastKnownFileType = image.jpeg; path = warren_inAction.jpg; sourceTree = "<group>"; };
		DC4A5CD1190B5D0100244845 /* baystate_inAction.jpg */ = {isa = PBXFileReference; lastKnownFileType = image.jpeg; path = baystate_inAction.jpg; sourceTree = "<group>"; };
		DC4A5CD3190B601F00244845 /* vegan.png */ = {isa = PBXFileReference; lastKnownFileType = image.png; path = vegan.png; sourceTree = "<group>"; };
		DC4A5CD5190B606500244845 /* sargent.png */ = {isa = PBXFileReference; lastKnownFileType = image.png; path = sargent.png; sourceTree = "<group>"; };
		DC4A5CD7190B60DC00244845 /* vegitarian.png */ = {isa = PBXFileReference; lastKnownFileType = image.png; path = vegitarian.png; sourceTree = "<group>"; };
		DC4A5CD9190B647200244845 /* MainViewController.h */ = {isa = PBXFileReference; fileEncoding = 4; lastKnownFileType = sourcecode.c.h; path = MainViewController.h; sourceTree = "<group>"; };
		DC4A5CDA190B647200244845 /* MainViewController.m */ = {isa = PBXFileReference; fileEncoding = 4; lastKnownFileType = sourcecode.c.objc; path = MainViewController.m; sourceTree = "<group>"; };
/* End PBXFileReference section */

/* Begin PBXFrameworksBuildPhase section */
		DC0FD4651909816400D409CC /* Frameworks */ = {
			isa = PBXFrameworksBuildPhase;
			buildActionMask = 2147483647;
			files = (
				DC0FD46E1909816400D409CC /* CoreGraphics.framework in Frameworks */,
				DC0FD4701909816400D409CC /* UIKit.framework in Frameworks */,
				DC0FD46C1909816400D409CC /* Foundation.framework in Frameworks */,
			);
			runOnlyForDeploymentPostprocessing = 0;
		};
		DC0FD4861909816400D409CC /* Frameworks */ = {
			isa = PBXFrameworksBuildPhase;
			buildActionMask = 2147483647;
			files = (
				DC0FD48B1909816400D409CC /* XCTest.framework in Frameworks */,
				DC0FD48D1909816400D409CC /* UIKit.framework in Frameworks */,
				DC0FD48C1909816400D409CC /* Foundation.framework in Frameworks */,
			);
			runOnlyForDeploymentPostprocessing = 0;
		};
/* End PBXFrameworksBuildPhase section */

/* Begin PBXGroup section */
		DC0FD45F1909816400D409CC = {
			isa = PBXGroup;
			children = (
				DC0FD4711909816400D409CC /* BUDiningMobileMenu */,
				DC0FD46A1909816400D409CC /* Frameworks */,
				DC0FD4691909816400D409CC /* Products */,
			);
			sourceTree = "<group>";
		};
		DC0FD4691909816400D409CC /* Products */ = {
			isa = PBXGroup;
			children = (
				DC0FD4681909816400D409CC /* BUDiningMobileMenu.app */,
				DC0FD4891909816400D409CC /* BUDiningMobileMenuTests.xctest */,
			);
			name = Products;
			sourceTree = "<group>";
		};
		DC0FD46A1909816400D409CC /* Frameworks */ = {
			isa = PBXGroup;
			children = (
				DC0FD46B1909816400D409CC /* Foundation.framework */,
				DC0FD46D1909816400D409CC /* CoreGraphics.framework */,
				DC0FD46F1909816400D409CC /* UIKit.framework */,
				DC0FD48A1909816400D409CC /* XCTest.framework */,
			);
			name = Frameworks;
			sourceTree = "<group>";
		};
		DC0FD4711909816400D409CC /* BUDiningMobileMenu */ = {
			isa = PBXGroup;
			children = (
				DC0FD47A1909816400D409CC /* AppDelegate.h */,
				DC0FD47B1909816400D409CC /* AppDelegate.m */,
				DC0FD47D1909816400D409CC /* Main.storyboard */,
				DC1D713C190B88E700045E66 /* NutritionViewController.h */,
				DC1D713D190B88E700045E66 /* NutritionViewController.m */,
				DC0FD4801909816400D409CC /* ViewController.h */,
				DC0FD4811909816400D409CC /* ViewController.m */,
				DC1D7139190B7B0E00045E66 /* categoryTitleTableViewCell.h */,
				DC1D713A190B7B0E00045E66 /* categoryTitleTableViewCell.m */,
				DC1D7136190B773000045E66 /* itemNameCellTableViewCell.h */,
				DC1D7137190B773000045E66 /* itemNameCellTableViewCell.m */,
				DC4A5CD9190B647200244845 /* MainViewController.h */,
				DC4A5CDA190B647200244845 /* MainViewController.m */,
				DC1D7130190B6E3E00045E66 /* DetailViewController.h */,
				DC1D7131190B6E3E00045E66 /* DetailViewController.m */,
				DC0FD4831909816400D409CC /* Images.xcassets */,
				DC0FD4721909816400D409CC /* Supporting Files */,
			);
			path = BUDiningMobileMenu;
			sourceTree = "<group>";
		};
		DC0FD4721909816400D409CC /* Supporting Files */ = {
			isa = PBXGroup;
			children = (
				DC4A5CD3190B601F00244845 /* vegan.png */,
				DC4A5CD5190B606500244845 /* sargent.png */,
				DC4A5CD7190B60DC00244845 /* vegitarian.png */,
				DC4A5CCB190B5AE800244845 /* west.png */,
				DC0FD4731909816400D409CC /* BUDiningMobileMenu-Info.plist */,
				DC4A5CCD190B5B8B00244845 /* west_inAction.jpg */,
				DC4A5CD1190B5D0100244845 /* baystate_inAction.jpg */,
				DC4A5CCF190B5C2E00244845 /* warren_inAction.jpg */,
				DC4A5CC5190B536B00244845 /* warren.png */,
				DC4A5CC7190B55CD00244845 /* bayState.png */,
				DC0FD4741909816400D409CC /* InfoPlist.strings */,
				DC0FD4771909816400D409CC /* main.m */,
				DC0FD4791909816400D409CC /* BUDiningMobileMenu-Prefix.pch */,
				DC05AE5C190B2D13000F4778 /* z03sz-373x500.jpg */,
				DC05AE5D190B2D13000F4778 /* Warren_Towers-598x398.jpg */,
				DC05AE5E190B2D13000F4778 /* westcampus.jpg */,
			);
			name = "Supporting Files";
			sourceTree = "<group>";
		};
/* End PBXGroup section */

/* Begin PBXNativeTarget section */
		DC0FD4671909816400D409CC /* BUDiningMobileMenu */ = {
			isa = PBXNativeTarget;
			buildConfigurationList = DC0FD49A1909816400D409CC /* Build configuration list for PBXNativeTarget "BUDiningMobileMenu" */;
			buildPhases = (
				DC0FD4641909816400D409CC /* Sources */,
				DC0FD4651909816400D409CC /* Frameworks */,
				DC0FD4661909816400D409CC /* Resources */,
			);
			buildRules = (
			);
			dependencies = (
			);
			name = BUDiningMobileMenu;
			productName = BUDiningMobileMenu;
			productReference = DC0FD4681909816400D409CC /* BUDiningMobileMenu.app */;
			productType = "com.apple.product-type.application";
		};
		DC0FD4881909816400D409CC /* BUDiningMobileMenuTests */ = {
			isa = PBXNativeTarget;
			buildConfigurationList = DC0FD49D1909816400D409CC /* Build configuration list for PBXNativeTarget "BUDiningMobileMenuTests" */;
			buildPhases = (
				DC0FD4851909816400D409CC /* Sources */,
				DC0FD4861909816400D409CC /* Frameworks */,
				DC0FD4871909816400D409CC /* Resources */,
			);
			buildRules = (
			);
			dependencies = (
				DC0FD48F1909816400D409CC /* PBXTargetDependency */,
			);
			name = BUDiningMobileMenuTests;
			productName = BUDiningMobileMenuTests;
			productReference = DC0FD4891909816400D409CC /* BUDiningMobileMenuTests.xctest */;
			productType = "com.apple.product-type.bundle.unit-test";
		};
/* End PBXNativeTarget section */

/* Begin PBXProject section */
		DC0FD4601909816400D409CC /* Project object */ = {
			isa = PBXProject;
			attributes = {
				LastUpgradeCheck = 0510;
				ORGANIZATIONNAME = DevXApp;
				TargetAttributes = {
					DC0FD4881909816400D409CC = {
						TestTargetID = DC0FD4671909816400D409CC;
					};
				};
			};
			buildConfigurationList = DC0FD4631909816400D409CC /* Build configuration list for PBXProject "BUDiningMobileMenu" */;
			compatibilityVersion = "Xcode 3.2";
			developmentRegion = English;
			hasScannedForEncodings = 0;
			knownRegions = (
				en,
				Base,
			);
			mainGroup = DC0FD45F1909816400D409CC;
			productRefGroup = DC0FD4691909816400D409CC /* Products */;
			projectDirPath = "";
			projectRoot = "";
			targets = (
				DC0FD4671909816400D409CC /* BUDiningMobileMenu */,
				DC0FD4881909816400D409CC /* BUDiningMobileMenuTests */,
			);
		};
/* End PBXProject section */

/* Begin PBXResourcesBuildPhase section */
		DC0FD4661909816400D409CC /* Resources */ = {
			isa = PBXResourcesBuildPhase;
			buildActionMask = 2147483647;
			files = (
				DC4A5CD6190B606500244845 /* sargent.png in Resources */,
				DC4A5CC6190B536B00244845 /* warren.png in Resources */,
				DC4A5CD2190B5D0100244845 /* baystate_inAction.jpg in Resources */,
				DC0FD4841909816400D409CC /* Images.xcassets in Resources */,
				DC4A5CCC190B5AE800244845 /* west.png in Resources */,
				DC05AE61190B2D13000F4778 /* westcampus.jpg in Resources */,
				DC05AE5F190B2D13000F4778 /* z03sz-373x500.jpg in Resources */,
				DC4A5CC8190B55CD00244845 /* bayState.png in Resources */,
				DC0FD4761909816400D409CC /* InfoPlist.strings in Resources */,
				DC05AE60190B2D13000F4778 /* Warren_Towers-598x398.jpg in Resources */,
				DC4A5CD0190B5C2E00244845 /* warren_inAction.jpg in Resources */,
				DC0FD47F1909816400D409CC /* Main.storyboard in Resources */,
				DC4A5CD8190B60DC00244845 /* vegitarian.png in Resources */,
				DC4A5CD4190B601F00244845 /* vegan.png in Resources */,
				DC4A5CCE190B5B8B00244845 /* west_inAction.jpg in Resources */,
			);
			runOnlyForDeploymentPostprocessing = 0;
		};
		DC0FD4871909816400D409CC /* Resources */ = {
			isa = PBXResourcesBuildPhase;
			buildActionMask = 2147483647;
			files = (
			);
			runOnlyForDeploymentPostprocessing = 0;
		};
/* End PBXResourcesBuildPhase section */

/* Begin PBXSourcesBuildPhase section */
		DC0FD4641909816400D409CC /* Sources */ = {
			isa = PBXSourcesBuildPhase;
			buildActionMask = 2147483647;
			files = (
				DC1D7134190B6E3E00045E66 /* DetailViewController.m in Sources */,
				DC1D713B190B7B0E00045E66 /* categoryTitleTableViewCell.m in Sources */,
				DC0FD4821909816400D409CC /* ViewController.m in Sources */,
				DC0FD47C1909816400D409CC /* AppDelegate.m in Sources */,
				DC1D7138190B773000045E66 /* itemNameCellTableViewCell.m in Sources */,
				DC0FD4781909816400D409CC /* main.m in Sources */,
				DC4A5CDB190B647200244845 /* MainViewController.m in Sources */,
				DC1D713E190B88E700045E66 /* NutritionViewController.m in Sources */,
			);
			runOnlyForDeploymentPostprocessing = 0;
		};
		DC0FD4851909816400D409CC /* Sources */ = {
			isa = PBXSourcesBuildPhase;
			buildActionMask = 2147483647;
			files = (
			);
			runOnlyForDeploymentPostprocessing = 0;
		};
/* End PBXSourcesBuildPhase section */

/* Begin PBXTargetDependency section */
		DC0FD48F1909816400D409CC /* PBXTargetDependency */ = {
			isa = PBXTargetDependency;
			target = DC0FD4671909816400D409CC /* BUDiningMobileMenu */;
			targetProxy = DC0FD48E1909816400D409CC /* PBXContainerItemProxy */;
		};
/* End PBXTargetDependency section */

/* Begin PBXVariantGroup section */
		DC0FD4741909816400D409CC /* InfoPlist.strings */ = {
			isa = PBXVariantGroup;
			children = (
				DC0FD4751909816400D409CC /* en */,
			);
			name = InfoPlist.strings;
			sourceTree = "<group>";
		};
		DC0FD47D1909816400D409CC /* Main.storyboard */ = {
			isa = PBXVariantGroup;
			children = (
				DC0FD47E1909816400D409CC /* Base */,
			);
			name = Main.storyboard;
			sourceTree = "<group>";
		};
/* End PBXVariantGroup section */

/* Begin XCBuildConfiguration section */
		DC0FD4981909816400D409CC /* Debug */ = {
			isa = XCBuildConfiguration;
			buildSettings = {
				ALWAYS_SEARCH_USER_PATHS = NO;
				CLANG_CXX_LANGUAGE_STANDARD = "gnu++0x";
				CLANG_CXX_LIBRARY = "libc++";
				CLANG_ENABLE_MODULES = YES;
				CLANG_ENABLE_OBJC_ARC = YES;
				CLANG_WARN_BOOL_CONVERSION = YES;
				CLANG_WARN_CONSTANT_CONVERSION = YES;
				CLANG_WARN_DIRECT_OBJC_ISA_USAGE = YES_ERROR;
				CLANG_WARN_EMPTY_BODY = YES;
				CLANG_WARN_ENUM_CONVERSION = YES;
				CLANG_WARN_INT_CONVERSION = YES;
				CLANG_WARN_OBJC_ROOT_CLASS = YES_ERROR;
				CLANG_WARN__DUPLICATE_METHOD_MATCH = YES;
				"CODE_SIGN_IDENTITY[sdk=iphoneos*]" = "iPhone Developer";
				COPY_PHASE_STRIP = NO;
				GCC_C_LANGUAGE_STANDARD = gnu99;
				GCC_DYNAMIC_NO_PIC = NO;
				GCC_OPTIMIZATION_LEVEL = 0;
				GCC_PREPROCESSOR_DEFINITIONS = (
					"DEBUG=1",
					"$(inherited)",
				);
				GCC_SYMBOLS_PRIVATE_EXTERN = NO;
				GCC_WARN_64_TO_32_BIT_CONVERSION = YES;
				GCC_WARN_ABOUT_RETURN_TYPE = YES_ERROR;
				GCC_WARN_UNDECLARED_SELECTOR = YES;
				GCC_WARN_UNINITIALIZED_AUTOS = YES_AGGRESSIVE;
				GCC_WARN_UNUSED_FUNCTION = YES;
				GCC_WARN_UNUSED_VARIABLE = YES;
				IPHONEOS_DEPLOYMENT_TARGET = 7.1;
				ONLY_ACTIVE_ARCH = YES;
				SDKROOT = iphoneos;
			};
			name = Debug;
		};
		DC0FD4991909816400D409CC /* Release */ = {
			isa = XCBuildConfiguration;
			buildSettings = {
				ALWAYS_SEARCH_USER_PATHS = NO;
				CLANG_CXX_LANGUAGE_STANDARD = "gnu++0x";
				CLANG_CXX_LIBRARY = "libc++";
				CLANG_ENABLE_MODULES = YES;
				CLANG_ENABLE_OBJC_ARC = YES;
				CLANG_WARN_BOOL_CONVERSION = YES;
				CLANG_WARN_CONSTANT_CONVERSION = YES;
				CLANG_WARN_DIRECT_OBJC_ISA_USAGE = YES_ERROR;
				CLANG_WARN_EMPTY_BODY = YES;
				CLANG_WARN_ENUM_CONVERSION = YES;
				CLANG_WARN_INT_CONVERSION = YES;
				CLANG_WARN_OBJC_ROOT_CLASS = YES_ERROR;
				CLANG_WARN__DUPLICATE_METHOD_MATCH = YES;
				"CODE_SIGN_IDENTITY[sdk=iphoneos*]" = "iPhone Developer";
				COPY_PHASE_STRIP = YES;
				ENABLE_NS_ASSERTIONS = NO;
				GCC_C_LANGUAGE_STANDARD = gnu99;
				GCC_WARN_64_TO_32_BIT_CONVERSION = YES;
				GCC_WARN_ABOUT_RETURN_TYPE = YES_ERROR;
				GCC_WARN_UNDECLARED_SELECTOR = YES;
				GCC_WARN_UNINITIALIZED_AUTOS = YES_AGGRESSIVE;
				GCC_WARN_UNUSED_FUNCTION = YES;
				GCC_WARN_UNUSED_VARIABLE = YES;
				IPHONEOS_DEPLOYMENT_TARGET = 7.1;
				SDKROOT = iphoneos;
				VALIDATE_PRODUCT = YES;
			};
			name = Release;
		};
		DC0FD49B1909816400D409CC /* Debug */ = {
			isa = XCBuildConfiguration;
			buildSettings = {
				ASSETCATALOG_COMPILER_APPICON_NAME = AppIcon;
				ASSETCATALOG_COMPILER_LAUNCHIMAGE_NAME = LaunchImage;
				GCC_PRECOMPILE_PREFIX_HEADER = YES;
				GCC_PREFIX_HEADER = "BUDiningMobileMenu/BUDiningMobileMenu-Prefix.pch";
				INFOPLIST_FILE = "BUDiningMobileMenu/BUDiningMobileMenu-Info.plist";
				PRODUCT_NAME = "$(TARGET_NAME)";
				WRAPPER_EXTENSION = app;
			};
			name = Debug;
		};
		DC0FD49C1909816400D409CC /* Release */ = {
			isa = XCBuildConfiguration;
			buildSettings = {
				ASSETCATALOG_COMPILER_APPICON_NAME = AppIcon;
				ASSETCATALOG_COMPILER_LAUNCHIMAGE_NAME = LaunchImage;
				GCC_PRECOMPILE_PREFIX_HEADER = YES;
				GCC_PREFIX_HEADER = "BUDiningMobileMenu/BUDiningMobileMenu-Prefix.pch";
				INFOPLIST_FILE = "BUDiningMobileMenu/BUDiningMobileMenu-Info.plist";
				PRODUCT_NAME = "$(TARGET_NAME)";
				WRAPPER_EXTENSION = app;
			};
			name = Release;
		};
		DC0FD49E1909816400D409CC /* Debug */ = {
			isa = XCBuildConfiguration;
			buildSettings = {
				BUNDLE_LOADER = "$(BUILT_PRODUCTS_DIR)/BUDiningMobileMenu.app/BUDiningMobileMenu";
				FRAMEWORK_SEARCH_PATHS = (
					"$(SDKROOT)/Developer/Library/Frameworks",
					"$(inherited)",
					"$(DEVELOPER_FRAMEWORKS_DIR)",
				);
				GCC_PRECOMPILE_PREFIX_HEADER = YES;
				GCC_PREFIX_HEADER = "BUDiningMobileMenu/BUDiningMobileMenu-Prefix.pch";
				GCC_PREPROCESSOR_DEFINITIONS = (
					"DEBUG=1",
					"$(inherited)",
				);
				INFOPLIST_FILE = "BUDiningMobileMenuTests/BUDiningMobileMenuTests-Info.plist";
				PRODUCT_NAME = "$(TARGET_NAME)";
				TEST_HOST = "$(BUNDLE_LOADER)";
				WRAPPER_EXTENSION = xctest;
			};
			name = Debug;
		};
		DC0FD49F1909816400D409CC /* Release */ = {
			isa = XCBuildConfiguration;
			buildSettings = {
				BUNDLE_LOADER = "$(BUILT_PRODUCTS_DIR)/BUDiningMobileMenu.app/BUDiningMobileMenu";
				FRAMEWORK_SEARCH_PATHS = (
					"$(SDKROOT)/Developer/Library/Frameworks",
					"$(inherited)",
					"$(DEVELOPER_FRAMEWORKS_DIR)",
				);
				GCC_PRECOMPILE_PREFIX_HEADER = YES;
				GCC_PREFIX_HEADER = "BUDiningMobileMenu/BUDiningMobileMenu-Prefix.pch";
				INFOPLIST_FILE = "BUDiningMobileMenuTests/BUDiningMobileMenuTests-Info.plist";
				PRODUCT_NAME = "$(TARGET_NAME)";
				TEST_HOST = "$(BUNDLE_LOADER)";
				WRAPPER_EXTENSION = xctest;
			};
			name = Release;
		};
/* End XCBuildConfiguration section */

/* Begin XCConfigurationList section */
		DC0FD4631909816400D409CC /* Build configuration list for PBXProject "BUDiningMobileMenu" */ = {
			isa = XCConfigurationList;
			buildConfigurations = (
				DC0FD4981909816400D409CC /* Debug */,
				DC0FD4991909816400D409CC /* Release */,
			);
			defaultConfigurationIsVisible = 0;
			defaultConfigurationName = Release;
		};
		DC0FD49A1909816400D409CC /* Build configuration list for PBXNativeTarget "BUDiningMobileMenu" */ = {
			isa = XCConfigurationList;
			buildConfigurations = (
				DC0FD49B1909816400D409CC /* Debug */,
				DC0FD49C1909816400D409CC /* Release */,
			);
			defaultConfigurationIsVisible = 0;
			defaultConfigurationName = Release;
		};
		DC0FD49D1909816400D409CC /* Build configuration list for PBXNativeTarget "BUDiningMobileMenuTests" */ = {
			isa = XCConfigurationList;
			buildConfigurations = (
				DC0FD49E1909816400D409CC /* Debug */,
				DC0FD49F1909816400D409CC /* Release */,
			);
			defaultConfigurationIsVisible = 0;
			defaultConfigurationName = Release;
		};
/* End XCConfigurationList section */
	};
	rootObject = DC0FD4601909816400D409CC /* Project object */;
}
